{
  "requires": true,
  "lockfileVersion": 1,
  "dependencies": {
    "replay-reader": {
      "version": "1.0.2",
      "resolved": "https://registry.npmjs.org/replay-reader/-/replay-reader-1.0.2.tgz",
      "integrity": "sha512-dYZ2T93HZwkjPfff1gXZsSWUnuuctsF9xt7SF19rtVmOzqJU/Hoq39xFObtlKYnxpMRvYqBrkEqt3E+vIpKZIA=="
    }
  }
}
